PODS:
  - app_settings (5.1.1):
    - Flutter
  - audio_session (0.0.1):
    - Flutter
  - BerTlv (0.2.5)
  - CocoaLumberjack (3.8.5):
    - CocoaLumberjack/Core (= 3.8.5)
  - CocoaLumberjack/Core (3.8.5)
  - connectivity_plus (0.0.1):
    - Flutter
    - FlutterMacOS
  - device_calendar (0.0.1):
    - Flutter
  - device_info (0.0.1):
    - Flutter
  - emoji_picker_flutter (0.0.1):
    - Flutter
  - Firebase/CoreOnly (11.6.0):
    - FirebaseCore (~> 11.6.0)
  - Firebase/Crashlytics (11.6.0):
    - Firebase/CoreOnly
    - FirebaseCrashlytics (~> 11.6.0)
  - Firebase/Messaging (11.6.0):
    - Firebase/CoreOnly
    - FirebaseMessaging (~> 11.6.0)
  - firebase_core (3.10.0):
    - Firebase/CoreOnly (= 11.6.0)
    - Flutter
  - firebase_crashlytics (4.0.4):
    - Firebase/Crashlytics (= 11.6.0)
    - firebase_core
    - Flutter
  - firebase_messaging (15.0.4):
    - Firebase/Messaging (= 11.6.0)
    - firebase_core
    - Flutter
  - FirebaseCore (11.6.0):
    - FirebaseCoreInternal (~> 11.6.0)
    - GoogleUtilities/Environment (~> 8.0)
    - GoogleUtilities/Logger (~> 8.0)
  - FirebaseCoreExtension (11.6.0):
    - FirebaseCore (~> 11.6.0)
  - FirebaseCoreInternal (11.6.0):
    - "GoogleUtilities/NSData+zlib (~> 8.0)"
  - FirebaseCrashlytics (11.6.0):
    - FirebaseCore (~> 11.6.0)
    - FirebaseInstallations (~> 11.0)
    - FirebaseRemoteConfigInterop (~> 11.0)
    - FirebaseSessions (~> 11.0)
    - GoogleDataTransport (~> 10.0)
    - GoogleUtilities/Environment (~> 8.0)
    - nanopb (~> 3.30910.0)
    - PromisesObjC (~> 2.4)
  - FirebaseInstallations (11.6.0):
    - FirebaseCore (~> 11.6.0)
    - GoogleUtilities/Environment (~> 8.0)
    - GoogleUtilities/UserDefaults (~> 8.0)
    - PromisesObjC (~> 2.4)
  - FirebaseMessaging (11.6.0):
    - FirebaseCore (~> 11.6.0)
    - FirebaseInstallations (~> 11.0)
    - GoogleDataTransport (~> 10.0)
    - GoogleUtilities/AppDelegateSwizzler (~> 8.0)
    - GoogleUtilities/Environment (~> 8.0)
    - GoogleUtilities/Reachability (~> 8.0)
    - GoogleUtilities/UserDefaults (~> 8.0)
    - nanopb (~> 3.30910.0)
  - FirebaseRemoteConfigInterop (11.6.0)
  - FirebaseSessions (11.6.0):
    - FirebaseCore (~> 11.6.0)
    - FirebaseCoreExtension (~> 11.6.0)
    - FirebaseInstallations (~> 11.0)
    - GoogleDataTransport (~> 10.0)
    - GoogleUtilities/Environment (~> 8.0)
    - GoogleUtilities/UserDefaults (~> 8.0)
    - nanopb (~> 3.30910.0)
    - PromisesSwift (~> 2.1)
  - Flutter (1.0.0)
  - flutter_barcode_scanner (2.0.0):
    - Flutter
  - flutter_beep (0.0.1):
    - Flutter
  - flutter_email_sender (0.0.1):
    - Flutter
  - flutter_exif_rotation (0.3.0):
    - Flutter
  - flutter_local_notifications (0.0.1):
    - Flutter
  - flutter_pdfview (1.0.2):
    - Flutter
  - flutter_timezone (0.0.1):
    - Flutter
  - fluttertoast (0.0.2):
    - Flutter
    - Toast
  - gal (1.0.0):
    - Flutter
    - FlutterMacOS
  - geolocator_apple (1.2.0):
    - Flutter
  - Google-Maps-iOS-Utils (5.0.0):
    - GoogleMaps (~> 8.0)
  - google_maps_flutter_ios (0.0.1):
    - Flutter
    - Google-Maps-iOS-Utils (< 7.0, >= 5.0)
    - GoogleMaps (< 10.0, >= 8.4)
  - GoogleDataTransport (10.1.0):
    - nanopb (~> 3.30910.0)
    - PromisesObjC (~> 2.4)
  - GoogleMaps (8.4.0):
    - GoogleMaps/Maps (= 8.4.0)
  - GoogleMaps/Base (8.4.0)
  - GoogleMaps/Maps (8.4.0):
    - GoogleMaps/Base
  - GoogleUtilities/AppDelegateSwizzler (8.0.2):
    - GoogleUtilities/Environment
    - GoogleUtilities/Logger
    - GoogleUtilities/Network
    - GoogleUtilities/Privacy
  - GoogleUtilities/Environment (8.0.2):
    - GoogleUtilities/Privacy
  - GoogleUtilities/Logger (8.0.2):
    - GoogleUtilities/Environment
    - GoogleUtilities/Privacy
  - GoogleUtilities/Network (8.0.2):
    - GoogleUtilities/Logger
    - "GoogleUtilities/NSData+zlib"
    - GoogleUtilities/Privacy
    - GoogleUtilities/Reachability
  - "GoogleUtilities/NSData+zlib (8.0.2)":
    - GoogleUtilities/Privacy
  - GoogleUtilities/Privacy (8.0.2)
  - GoogleUtilities/Reachability (8.0.2):
    - GoogleUtilities/Logger
    - GoogleUtilities/Privacy
  - GoogleUtilities/UserDefaults (8.0.2):
    - GoogleUtilities/Logger
    - GoogleUtilities/Privacy
  - image_picker_ios (0.0.1):
    - Flutter
  - in_app_review (0.2.0):
    - Flutter
  - JSONModel (1.8.0)
  - just_audio (0.0.1):
    - Flutter
  - Mixpanel (5.0.7)
  - nanopb (3.30910.0):
    - nanopb/decode (= 3.30910.0)
    - nanopb/encode (= 3.30910.0)
  - nanopb/decode (3.30910.0)
  - nanopb/encode (3.30910.0)
  - OrigoSDK-Debug (1.10.0):
    - BerTlv
    - CocoaLumberjack
    - JSONModel
    - Mixpanel (~> 5.0.2)
  - OrigoSDK-Release (1.10.0):
    - BerTlv
    - CocoaLumberjack
    - JSONModel
    - Mixpanel (~> 5.0.2)
  - package_info (0.0.1):
    - Flutter
  - package_info_plus (0.4.5):
    - Flutter
  - path_provider_foundation (0.0.1):
    - Flutter
    - FlutterMacOS
  - PromisesObjC (2.4.0)
  - PromisesSwift (2.4.0):
    - PromisesObjC (= 2.4.0)
  - quick_actions_ios (0.0.1):
    - Flutter
  - record_darwin (1.0.0):
    - Flutter
    - FlutterMacOS
  - rokwire_plugin (1.8.3):
    - Flutter
  - SeosMobileKeysSDK-Debug (7.7.5):
    - BerTlv
    - CocoaLumberjack
    - JSONModel
    - Mixpanel
  - SeosMobileKeysSDK-Release (7.7.5):
    - BerTlv
    - CocoaLumberjack
    - JSONModel
    - Mixpanel
  - share (0.0.1):
    - Flutter
  - shared_preferences_foundation (0.0.1):
    - Flutter
    - FlutterMacOS
  - sms_mms (0.0.1):
    - Flutter
  - speech_to_text (0.0.1):
    - Flutter
    - Try
  - sqflite (0.0.3):
    - Flutter
    - FlutterMacOS
  - Toast (4.1.1)
  - Try (2.1.1)
  - uni_links (0.0.1):
    - Flutter
  - url_launcher_ios (0.0.1):
    - Flutter
  - video_player_avfoundation (0.0.1):
    - Flutter
    - FlutterMacOS
  - wakelock_plus (0.0.1):
    - Flutter
  - webview_flutter_wkwebview (0.0.1):
    - Flutter
  - ZXingObjC (3.6.4):
    - ZXingObjC/All (= 3.6.4)
  - ZXingObjC/All (3.6.4)

DEPENDENCIES:
  - app_settings (from `.symlinks/plugins/app_settings/ios`)
  - audio_session (from `.symlinks/plugins/audio_session/ios`)
  - connectivity_plus (from `.symlinks/plugins/connectivity_plus/darwin`)
  - device_calendar (from `.symlinks/plugins/device_calendar/ios`)
  - device_info (from `.symlinks/plugins/device_info/ios`)
  - emoji_picker_flutter (from `.symlinks/plugins/emoji_picker_flutter/ios`)
  - firebase_core (from `.symlinks/plugins/firebase_core/ios`)
  - firebase_crashlytics (from `.symlinks/plugins/firebase_crashlytics/ios`)
  - firebase_messaging (from `.symlinks/plugins/firebase_messaging/ios`)
  - Flutter (from `Flutter`)
  - flutter_barcode_scanner (from `.symlinks/plugins/flutter_barcode_scanner/ios`)
  - flutter_beep (from `.symlinks/plugins/flutter_beep/ios`)
  - flutter_email_sender (from `.symlinks/plugins/flutter_email_sender/ios`)
  - flutter_exif_rotation (from `.symlinks/plugins/flutter_exif_rotation/ios`)
  - flutter_local_notifications (from `.symlinks/plugins/flutter_local_notifications/ios`)
  - flutter_pdfview (from `.symlinks/plugins/flutter_pdfview/ios`)
  - flutter_timezone (from `.symlinks/plugins/flutter_timezone/ios`)
  - fluttertoast (from `.symlinks/plugins/fluttertoast/ios`)
  - gal (from `.symlinks/plugins/gal/darwin`)
  - geolocator_apple (from `.symlinks/plugins/geolocator_apple/ios`)
  - google_maps_flutter_ios (from `.symlinks/plugins/google_maps_flutter_ios/ios`)
  - image_picker_ios (from `.symlinks/plugins/image_picker_ios/ios`)
  - in_app_review (from `.symlinks/plugins/in_app_review/ios`)
  - just_audio (from `.symlinks/plugins/just_audio/ios`)
  - OrigoSDK-Debug (from `../libs/hid-origo/ios/Debug/OrigoSDK-Debug.podspec`)
  - OrigoSDK-Release (from `../libs/hid-origo/ios/Release/OrigoSDK-Release.podspec`)
  - package_info (from `.symlinks/plugins/package_info/ios`)
  - package_info_plus (from `.symlinks/plugins/package_info_plus/ios`)
  - path_provider_foundation (from `.symlinks/plugins/path_provider_foundation/darwin`)
  - quick_actions_ios (from `.symlinks/plugins/quick_actions_ios/ios`)
  - record_darwin (from `.symlinks/plugins/record_darwin/ios`)
  - rokwire_plugin (from `.symlinks/plugins/rokwire_plugin/ios`)
  - SeosMobileKeysSDK-Debug (from `../libs/hid-origo/ios/Debug/SeosMobileKeysSDK-Debug.podspec`)
  - SeosMobileKeysSDK-Release (from `../libs/hid-origo/ios/Release/SeosMobileKeysSDK-Release.podspec`)
  - share (from `.symlinks/plugins/share/ios`)
  - shared_preferences_foundation (from `.symlinks/plugins/shared_preferences_foundation/darwin`)
  - sms_mms (from `.symlinks/plugins/sms_mms/ios`)
  - speech_to_text (from `.symlinks/plugins/speech_to_text/ios`)
  - sqflite (from `.symlinks/plugins/sqflite/darwin`)
  - uni_links (from `.symlinks/plugins/uni_links/ios`)
  - url_launcher_ios (from `.symlinks/plugins/url_launcher_ios/ios`)
  - video_player_avfoundation (from `.symlinks/plugins/video_player_avfoundation/darwin`)
  - wakelock_plus (from `.symlinks/plugins/wakelock_plus/ios`)
  - webview_flutter_wkwebview (from `.symlinks/plugins/webview_flutter_wkwebview/ios`)
  - ZXingObjC (= 3.6.4)

SPEC REPOS:
  trunk:
    - BerTlv
    - CocoaLumberjack
    - Firebase
    - FirebaseCore
    - FirebaseCoreExtension
    - FirebaseCoreInternal
    - FirebaseCrashlytics
    - FirebaseInstallations
    - FirebaseMessaging
    - FirebaseRemoteConfigInterop
    - FirebaseSessions
    - Google-Maps-iOS-Utils
    - GoogleDataTransport
    - GoogleMaps
    - GoogleUtilities
    - JSONModel
    - Mixpanel
    - nanopb
    - PromisesObjC
    - PromisesSwift
    - Toast
    - Try
    - ZXingObjC

EXTERNAL SOURCES:
  app_settings:
    :path: ".symlinks/plugins/app_settings/ios"
  audio_session:
    :path: ".symlinks/plugins/audio_session/ios"
  connectivity_plus:
    :path: ".symlinks/plugins/connectivity_plus/darwin"
  device_calendar:
    :path: ".symlinks/plugins/device_calendar/ios"
  device_info:
    :path: ".symlinks/plugins/device_info/ios"
  emoji_picker_flutter:
    :path: ".symlinks/plugins/emoji_picker_flutter/ios"
  firebase_core:
    :path: ".symlinks/plugins/firebase_core/ios"
  firebase_crashlytics:
    :path: ".symlinks/plugins/firebase_crashlytics/ios"
  firebase_messaging:
    :path: ".symlinks/plugins/firebase_messaging/ios"
  Flutter:
    :path: Flutter
  flutter_barcode_scanner:
    :path: ".symlinks/plugins/flutter_barcode_scanner/ios"
  flutter_beep:
    :path: ".symlinks/plugins/flutter_beep/ios"
  flutter_email_sender:
    :path: ".symlinks/plugins/flutter_email_sender/ios"
  flutter_exif_rotation:
    :path: ".symlinks/plugins/flutter_exif_rotation/ios"
  flutter_local_notifications:
    :path: ".symlinks/plugins/flutter_local_notifications/ios"
  flutter_pdfview:
    :path: ".symlinks/plugins/flutter_pdfview/ios"
  flutter_timezone:
    :path: ".symlinks/plugins/flutter_timezone/ios"
  fluttertoast:
    :path: ".symlinks/plugins/fluttertoast/ios"
  gal:
    :path: ".symlinks/plugins/gal/darwin"
  geolocator_apple:
    :path: ".symlinks/plugins/geolocator_apple/ios"
  google_maps_flutter_ios:
    :path: ".symlinks/plugins/google_maps_flutter_ios/ios"
  image_picker_ios:
    :path: ".symlinks/plugins/image_picker_ios/ios"
  in_app_review:
    :path: ".symlinks/plugins/in_app_review/ios"
  just_audio:
    :path: ".symlinks/plugins/just_audio/ios"
  OrigoSDK-Debug:
    :path: "../libs/hid-origo/ios/Debug/OrigoSDK-Debug.podspec"
  OrigoSDK-Release:
    :path: "../libs/hid-origo/ios/Release/OrigoSDK-Release.podspec"
  package_info:
    :path: ".symlinks/plugins/package_info/ios"
  package_info_plus:
    :path: ".symlinks/plugins/package_info_plus/ios"
  path_provider_foundation:
    :path: ".symlinks/plugins/path_provider_foundation/darwin"
  quick_actions_ios:
    :path: ".symlinks/plugins/quick_actions_ios/ios"
  record_darwin:
    :path: ".symlinks/plugins/record_darwin/ios"
  rokwire_plugin:
    :path: ".symlinks/plugins/rokwire_plugin/ios"
  SeosMobileKeysSDK-Debug:
    :path: "../libs/hid-origo/ios/Debug/SeosMobileKeysSDK-Debug.podspec"
  SeosMobileKeysSDK-Release:
    :path: "../libs/hid-origo/ios/Release/SeosMobileKeysSDK-Release.podspec"
  share:
    :path: ".symlinks/plugins/share/ios"
  shared_preferences_foundation:
    :path: ".symlinks/plugins/shared_preferences_foundation/darwin"
  sms_mms:
    :path: ".symlinks/plugins/sms_mms/ios"
  speech_to_text:
    :path: ".symlinks/plugins/speech_to_text/ios"
  sqflite:
    :path: ".symlinks/plugins/sqflite/darwin"
  uni_links:
    :path: ".symlinks/plugins/uni_links/ios"
  url_launcher_ios:
    :path: ".symlinks/plugins/url_launcher_ios/ios"
  video_player_avfoundation:
    :path: ".symlinks/plugins/video_player_avfoundation/darwin"
  wakelock_plus:
    :path: ".symlinks/plugins/wakelock_plus/ios"
  webview_flutter_wkwebview:
    :path: ".symlinks/plugins/webview_flutter_wkwebview/ios"

SPEC CHECKSUMS:
  app_settings: 3507c575c2b18a462c99948f61d5de21d4420999
  audio_session: f08db0697111ac84ba46191b55488c0563bb29c6
  BerTlv: c94b89a7b93bf8c1881691a8d105ec87a4a10759
  CocoaLumberjack: 6a459bc897d6d80bd1b8c78482ec7ad05dffc3f0
  connectivity_plus: 3f6c9057f4cd64198dc826edfb0542892f825343
  device_calendar: b55b2c5406cfba45c95a59f9059156daee1f74ed
  device_info: 52e8c0c9c61def8d0a92bf175f5f500abbea04bc
  emoji_picker_flutter: ece213fc274bdddefb77d502d33080dc54e616cc
  Firebase: 374a441a91ead896215703a674d58cdb3e9d772b
  firebase_core: 2337982fb78ee4d8d91e608b0a3d4f44346a93c8
  firebase_crashlytics: c9d21e88c8b3cbaaab9604e897e5ad96ea5e8a3d
  firebase_messaging: 2af44e3976dc96df04b2a5a38f59b31fe6b37375
  FirebaseCore: 48b0dd707581cf9c1a1220da68223fb0a562afaa
  FirebaseCoreExtension: 2d77d6430c16cf43ca2b04608302ed02b3598361
  FirebaseCoreInternal: d98ab91e2d80a56d7b246856a8885443b302c0c2
  FirebaseCrashlytics: b21c665fb50138766480bce73ebdb1aa30f7f300
  FirebaseInstallations: efc0946fc756e4d22d8113f7c761948120322e8c
  FirebaseMessaging: e1aca1fcc23e8b9eddb0e33f375ff90944623021
  FirebaseRemoteConfigInterop: e75e348953352a000331eb77caf01e424248e176
  FirebaseSessions: 9529d14180868e29a8da164b3a729c036204918b
  Flutter: e0871f40cf51350855a761d2e70bf5af5b9b5de7
  flutter_barcode_scanner: c5aa9f51c150a6242fa392386bd52b64bb27fcb5
  flutter_beep: daa8f6cab904fd4251c9a8917d15672657013ffd
  flutter_email_sender: 2397f5e84aaacfb61af569637a963e7c687858d8
  flutter_exif_rotation: 5406455759acacf1f7b1b83e85dbb545340d6e9c
  flutter_local_notifications: ad39620c743ea4c15127860f4b5641649a988100
  flutter_pdfview: 54e283d5851b0b247b3cc57877d35f1a05a204de
  flutter_timezone: ee50ce7786b5fde27e2fe5375bbc8c9661ffc13f
  fluttertoast: 76fea30fcf04176325f6864c87306927bd7d2038
  gal: 44e5b10dbd347c8247a2851acee6c1fbe282c1d3
  geolocator_apple: d981750b9f47dbdb02427e1476d9a04397beb8d9
  Google-Maps-iOS-Utils: 66d6de12be1ce6d3742a54661e7a79cb317a9321
  google_maps_flutter_ios: 0291eb2aa252298a769b04d075e4a9d747ff7264
  GoogleDataTransport: aae35b7ea0c09004c3797d53c8c41f66f219d6a7
  GoogleMaps: 8939898920281c649150e0af74aa291c60f2e77d
  GoogleUtilities: 26a3abef001b6533cf678d3eb38fd3f614b7872d
  image_picker_ios: 7fe1ff8e34c1790d6fff70a32484959f563a928a
  in_app_review: 8efcf4a4d3ba72d5d776d29e5a268f1abf64d184
  JSONModel: 02ab723958366a3fd27da57ea2af2113658762e9
  just_audio: 6c031bb61297cf218b4462be616638e81c058e97
  Mixpanel: 25b7ccefcd20749841db42295c5dba4ed89a805e
  nanopb: fad817b59e0457d11a5dfbde799381cd727c1275
  OrigoSDK-Debug: ddce2aa647451fd65e8941a884d12d41e523b4b7
  OrigoSDK-Release: b9a38aa4675d68f45a62e2b595929bf93ffbab30
  package_info: cce50adca9873c79f931618469d2114b91d71189
  package_info_plus: 580e9a5f1b6ca5594e7c9ed5f92d1dfb2a66b5e1
  path_provider_foundation: 080d55be775b7414fd5a5ef3ac137b97b097e564
  PromisesObjC: f5707f49cb48b9636751c5b2e7d227e43fba9f47
  PromisesSwift: 9d77319bbe72ebf6d872900551f7eeba9bce2851
  quick_actions_ios: 4b07fb49d8d8f3518d7565fbb7a91014067a7d82
  record_darwin: 1630616226de4038fa17cec21b11403ca510ec3e
  rokwire_plugin: 58e54f16acc8bd4d51dcfeead3e10ca4422f3971
  SeosMobileKeysSDK-Debug: 904c47d1a191addfa7ad5af4f41d1253ab7a73d4
  SeosMobileKeysSDK-Release: daed718b42c97f3d5337de9f081881077d9815f0
  share: a34936589f3090d59481bcdc5c30cc9dd47c75f6
  shared_preferences_foundation: 9e1978ff2562383bd5676f64ec4e9aa8fa06a6f7
  sms_mms: b4f3aca9cc8105b1c5ad66afc982df8625223294
  speech_to_text: ae2abc312e619ff1c53e675a9fc4d785a15c03bb
  sqflite: c35dad70033b8862124f8337cc994a809fcd9fa3
  Toast: 1f5ea13423a1e6674c4abdac5be53587ae481c4e
  Try: 5ef669ae832617b3cee58cb2c6f99fb767a4ff96
  uni_links: ed8c961e47ed9ce42b6d91e1de8049e38a4b3152
  url_launcher_ios: 694010445543906933d732453a59da0a173ae33d
  video_player_avfoundation: 2cef49524dd1f16c5300b9cd6efd9611ce03639b
  wakelock_plus: fd58c82b1388f4afe3fe8aa2c856503a262a5b03
  webview_flutter_wkwebview: 45a041c7831641076618876de3ba75c712860c6b
  ZXingObjC: 512b34b9b6920e8ef0461a4159d0814c5e48c28a

PODFILE CHECKSUM: c8f369b35b6a0a9696fca6fcb87fa541810e4486

COCOAPODS: 1.16.2
